
Microsoft Visual Studio Solution File, Format Version 12.00
# Visual Studio 15
VisualStudioVersion = 15.0.27130.2010
MinimumVisualStudioVersion = 10.0.40219.1
Project("{FAE04EC0-301F-11D3-BF4B-00C04F79EFBC}") = "CheckSumChecker", "CheckSumChecker\CheckSumChecker.csproj", "{5FA5FDFE-5855-43B5-934E-623E0A6DF377}"
EndProject
Global
	GlobalSection(SolutionConfigurationPlatforms) = preSolution
		Debug|Any CPU = Debug|Any CPU
		Release|Any CPU = Release|Any CPU
	EndGlobalSection
	GlobalSection(ProjectConfigurationPlatforms) = postSolution
		{5FA5FDFE-5855-43B5-934E-623E0A6DF377}.Debug|Any CPU.ActiveCfg = Debug|Any CPU
		{5FA5FDFE-5855-43B5-934E-623E0A6DF377}.Debug|Any CPU.Build.0 = Debug|Any CPU
		{5FA5FDFE-5855-43B5-934E-623E0A6DF377}.Release|Any CPU.ActiveCfg = Release|Any CPU
		{5FA5FDFE-5855-43B5-934E-623E0A6DF377}.Release|Any CPU.Build.0 = Release|Any CPU
	EndGlobalSection
	GlobalSection(SolutionProperties) = preSolution
		HideSolutionNode = FALSE
	EndGlobalSection
	GlobalSection(ExtensibilityGlobals) = postSolution
		SolutionGuid = {69F09197-F148-4506-B59C-1DF6588BCCE2}
	EndGlobalSection
EndGlobal
